<?xml version="1.0" encoding="utf-8"?>
<Project ToolsVersion="4.0" xmlns="http://schemas.microsoft.com/developer/msbuild/2003">
  <ItemGroup>
    <ClCompile Include="rendercore.cpp" />
    <ClCompile Include="core_api.cpp">
      <Filter>API</Filter>
    </ClCompile>
    <ClCompile Include="whitted_style_ray_tracer.cpp">
      <Filter>Whitted_Style_Ray_Tracer</Filter>
    </ClCompile>
  </ItemGroup>
  <ItemGroup>
    <ClInclude Include="rendercore.h" />
    <ClInclude Include="core_settings.h" />
    <ClInclude Include="core_api.h">
      <Filter>API</Filter>
    </ClInclude>
    <ClInclude Include="whitted_style_ray_tracer.h">
      <Filter>Whitted_Style_Ray_Tracer</Filter>
    </ClInclude>
    <ClInclude Include="classes.h">
      <Filter>Whitted_Style_Ray_Tracer</Filter>
    </ClInclude>
  </ItemGroup>
  <ItemGroup>
    <Filter Include="API">
      <UniqueIdentifier>{85ca225a-7b4b-4626-9d4f-c778bf53cb0c}</UniqueIdentifier>
    </Filter>
    <Filter Include="Whitted_Style_Ray_Tracer">
      <UniqueIdentifier>{d7688884-9117-4ef0-a003-e975745e5379}</UniqueIdentifier>
    </Filter>
  </ItemGroup>
</Project>